
Microsoft Visual Studio Solution File, Format Version 12.00
# Visual Studio Version 16
VisualStudioVersion = 16.0.28803.452
MinimumVisualStudioVersion = 10.0.40219.1
Project("{FAE04EC0-301F-11D3-BF4B-00C04F79EFBC}") = "HelloWorld", "HelloWorld\HelloWorld.csproj", "{12069024-EDE4-4A31-894D-DB1E1D59332D}"
EndProject
Project("{FAE04EC0-301F-11D3-BF4B-00C04F79EFBC}") = "HelloWorld.Tests", "HelloWorld.Tests\HelloWorld.Tests.csproj", "{6F1239AF-A63A-4196-BBEF-02D6DBC10467}"
EndProject
Global
	GlobalSection(SolutionConfigurationPlatforms) = preSolution
		Debug|Any CPU = Debug|Any CPU
		Release|Any CPU = Release|Any CPU
	EndGlobalSection
	GlobalSection(ProjectConfigurationPlatforms) = postSolution
		{12069024-EDE4-4A31-894D-DB1E1D59332D}.Debug|Any CPU.ActiveCfg = Debug|Any CPU
		{12069024-EDE4-4A31-894D-DB1E1D59332D}.Debug|Any CPU.Build.0 = Debug|Any CPU
		{12069024-EDE4-4A31-894D-DB1E1D59332D}.Release|Any CPU.ActiveCfg = Release|Any CPU
		{12069024-EDE4-4A31-894D-DB1E1D59332D}.Release|Any CPU.Build.0 = Release|Any CPU
		{6F1239AF-A63A-4196-BBEF-02D6DBC10467}.Debug|Any CPU.ActiveCfg = Debug|Any CPU
		{6F1239AF-A63A-4196-BBEF-02D6DBC10467}.Debug|Any CPU.Build.0 = Debug|Any CPU
		{6F1239AF-A63A-4196-BBEF-02D6DBC10467}.Release|Any CPU.ActiveCfg = Release|Any CPU
		{6F1239AF-A63A-4196-BBEF-02D6DBC10467}.Release|Any CPU.Build.0 = Release|Any CPU
	EndGlobalSection
	GlobalSection(SolutionProperties) = preSolution
		HideSolutionNode = FALSE
	EndGlobalSection
	GlobalSection(ExtensibilityGlobals) = postSolution
		SolutionGuid = {169093E7-66CB-4D81-A6BA-F1221CB6D9EA}
	EndGlobalSection
EndGlobal
